// !$*UTF8*$!
{
	archiveVersion = 1;
	classes = {
	};
	objectVersion = 50;
	objects = {

/* Begin PBXBuildFile section */
		9576FA8D261BCB0D00AD1719 /* SocialApp.swift in Sources */ = {isa = PBXBuildFile; fileRef = 9576FA8C261BCB0D00AD1719 /* SocialApp.swift */; };
		9576FA8F261BCB0D00AD1719 /* ContentView.swift in Sources */ = {isa = PBXBuildFile; fileRef = 9576FA8E261BCB0D00AD1719 /* ContentView.swift */; };
		9576FA91261BCB0E00AD1719 /* Assets.xcassets in Resources */ = {isa = PBXBuildFile; fileRef = 9576FA90261BCB0E00AD1719 /* Assets.xcassets */; };
		9576FA94261BCB0E00AD1719 /* Preview Assets.xcassets in Resources */ = {isa = PBXBuildFile; fileRef = 9576FA93261BCB0E00AD1719 /* Preview Assets.xcassets */; };
		9576FA9E261BCCAC00AD1719 /* User.swift in Sources */ = {isa = PBXBuildFile; fileRef = 9576FA9D261BCCAC00AD1719 /* User.swift */; };
		9576FAA2261BD33500AD1719 /* UserViewModel.swift in Sources */ = {isa = PBXBuildFile; fileRef = 9576FAA1261BD33500AD1719 /* UserViewModel.swift */; };
		9576FAA5261BE2EE00AD1719 /* URLSession+Utils.swift in Sources */ = {isa = PBXBuildFile; fileRef = 9576FAA4261BE2EE00AD1719 /* URLSession+Utils.swift */; };
		9576FAA8261BECF200AD1719 /* ObservableObject+Utils.swift in Sources */ = {isa = PBXBuildFile; fileRef = 9576FAA7261BECF200AD1719 /* ObservableObject+Utils.swift */; };
/* End PBXBuildFile section */

/* Begin PBXFileReference section */
		9576FA89261BCB0D00AD1719 /* Social.app */ = {isa = PBXFileReference; explicitFileType = wrapper.application; includeInIndex = 0; path = Social.app; sourceTree = BUILT_PRODUCTS_DIR; };
		9576FA8C261BCB0D00AD1719 /* SocialApp.swift */ = {isa = PBXFileReference; lastKnownFileType = sourcecode.swift; path = SocialApp.swift; sourceTree = "<group>"; };
		9576FA8E261BCB0D00AD1719 /* ContentView.swift */ = {isa = PBXFileReference; lastKnownFileType = sourcecode.swift; path = ContentView.swift; sourceTree = "<group>"; };
		9576FA90261BCB0E00AD1719 /* Assets.xcassets */ = {isa = PBXFileReference; lastKnownFileType = folder.assetcatalog; path = Assets.xcassets; sourceTree = "<group>"; };
		9576FA93261BCB0E00AD1719 /* Preview Assets.xcassets */ = {isa = PBXFileReference; lastKnownFileType = folder.assetcatalog; path = "Preview Assets.xcassets"; sourceTree = "<group>"; };
		9576FA95261BCB0E00AD1719 /* Info.plist */ = {isa = PBXFileReference; lastKnownFileType = text.plist.xml; path = Info.plist; sourceTree = "<group>"; };
		9576FA9D261BCCAC00AD1719 /* User.swift */ = {isa = PBXFileReference; lastKnownFileType = sourcecode.swift; path = User.swift; sourceTree = "<group>"; };
		9576FAA1261BD33500AD1719 /* UserViewModel.swift */ = {isa = PBXFileReference; lastKnownFileType = sourcecode.swift; path = UserViewModel.swift; sourceTree = "<group>"; };
		9576FAA4261BE2EE00AD1719 /* URLSession+Utils.swift */ = {isa = PBXFileReference; lastKnownFileType = sourcecode.swift; path = "URLSession+Utils.swift"; sourceTree = "<group>"; };
		9576FAA7261BECF200AD1719 /* ObservableObject+Utils.swift */ = {isa = PBXFileReference; lastKnownFileType = sourcecode.swift; path = "ObservableObject+Utils.swift"; sourceTree = "<group>"; };
/* End PBXFileReference section */

/* Begin PBXFrameworksBuildPhase section */
		9576FA86261BCB0D00AD1719 /* Frameworks */ = {
			isa = PBXFrameworksBuildPhase;
			buildActionMask = 2147483647;
			files = (
			);
			runOnlyForDeploymentPostprocessing = 0;
		};
/* End PBXFrameworksBuildPhase section */

/* Begin PBXGroup section */
		9576FA80261BCB0D00AD1719 = {
			isa = PBXGroup;
			children = (
				9576FA8B261BCB0D00AD1719 /* Social */,
				9576FA8A261BCB0D00AD1719 /* Products */,
			);
			sourceTree = "<group>";
		};
		9576FA8A261BCB0D00AD1719 /* Products */ = {
			isa = PBXGroup;
			children = (
				9576FA89261BCB0D00AD1719 /* Social.app */,
			);
			name = Products;
			sourceTree = "<group>";
		};
		9576FA8B261BCB0D00AD1719 /* Social */ = {
			isa = PBXGroup;
			children = (
				9576FAA0261BD32600AD1719 /* ViewModel */,
				9576FA9C261BCC9C00AD1719 /* Model */,
				9576FA8C261BCB0D00AD1719 /* SocialApp.swift */,
				9576FA8E261BCB0D00AD1719 /* ContentView.swift */,
				9576FA90261BCB0E00AD1719 /* Assets.xcassets */,
				9576FA95261BCB0E00AD1719 /* Info.plist */,
				9576FA92261BCB0E00AD1719 /* Preview Content */,
				9576FAA4261BE2EE00AD1719 /* URLSession+Utils.swift */,
				9576FAA7261BECF200AD1719 /* ObservableObject+Utils.swift */,
			);
			path = Social;
			sourceTree = "<group>";
		};
		9576FA92261BCB0E00AD1719 /* Preview Content */ = {
			isa = PBXGroup;
			children = (
				9576FA93261BCB0E00AD1719 /* Preview Assets.xcassets */,
			);
			path = "Preview Content";
			sourceTree = "<group>";
		};
		9576FA9C261BCC9C00AD1719 /* Model */ = {
			isa = PBXGroup;
			children = (
				9576FA9D261BCCAC00AD1719 /* User.swift */,
			);
			path = Model;
			sourceTree = "<group>";
		};
		9576FAA0261BD32600AD1719 /* ViewModel */ = {
			isa = PBXGroup;
			children = (
				9576FAA1261BD33500AD1719 /* UserViewModel.swift */,
			);
			path = ViewModel;
			sourceTree = "<group>";
		};
/* End PBXGroup section */

/* Begin PBXNativeTarget section */
		9576FA88261BCB0D00AD1719 /* Social */ = {
			isa = PBXNativeTarget;
			buildConfigurationList = 9576FA98261BCB0E00AD1719 /* Build configuration list for PBXNativeTarget "Social" */;
			buildPhases = (
				9576FA85261BCB0D00AD1719 /* Sources */,
				9576FA86261BCB0D00AD1719 /* Frameworks */,
				9576FA87261BCB0D00AD1719 /* Resources */,
			);
			buildRules = (
			);
			dependencies = (
			);
			name = Social;
			productName = Social;
			productReference = 9576FA89261BCB0D00AD1719 /* Social.app */;
			productType = "com.apple.product-type.application";
		};
/* End PBXNativeTarget section */

/* Begin PBXProject section */
		9576FA81261BCB0D00AD1719 /* Project object */ = {
			isa = PBXProject;
			attributes = {
				LastSwiftUpdateCheck = 1240;
				LastUpgradeCheck = 1240;
				TargetAttributes = {
					9576FA88261BCB0D00AD1719 = {
						CreatedOnToolsVersion = 12.4;
					};
				};
			};
			buildConfigurationList = 9576FA84261BCB0D00AD1719 /* Build configuration list for PBXProject "Social" */;
			compatibilityVersion = "Xcode 9.3";
			developmentRegion = en;
			hasScannedForEncodings = 0;
			knownRegions = (
				en,
				Base,
			);
			mainGroup = 9576FA80261BCB0D00AD1719;
			productRefGroup = 9576FA8A261BCB0D00AD1719 /* Products */;
			projectDirPath = "";
			projectRoot = "";
			targets = (
				9576FA88261BCB0D00AD1719 /* Social */,
			);
		};
/* End PBXProject section */

/* Begin PBXResourcesBuildPhase section */
		9576FA87261BCB0D00AD1719 /* Resources */ = {
			isa = PBXResourcesBuildPhase;
			buildActionMask = 2147483647;
			files = (
				9576FA94261BCB0E00AD1719 /* Preview Assets.xcassets in Resources */,
				9576FA91261BCB0E00AD1719 /* Assets.xcassets in Resources */,
			);
			runOnlyForDeploymentPostprocessing = 0;
		};
/* End PBXResourcesBuildPhase section */

/* Begin PBXSourcesBuildPhase section */
		9576FA85261BCB0D00AD1719 /* Sources */ = {
			isa = PBXSourcesBuildPhase;
			buildActionMask = 2147483647;
			files = (
				9576FA8F261BCB0D00AD1719 /* ContentView.swift in Sources */,
				9576FAA2261BD33500AD1719 /* UserViewModel.swift in Sources */,
				9576FA8D261BCB0D00AD1719 /* SocialApp.swift in Sources */,
				9576FA9E261BCCAC00AD1719 /* User.swift in Sources */,
				9576FAA5261BE2EE00AD1719 /* URLSession+Utils.swift in Sources */,
				9576FAA8261BECF200AD1719 /* ObservableObject+Utils.swift in Sources */,
			);
			runOnlyForDeploymentPostprocessing = 0;
		};
/* End PBXSourcesBuildPhase section */

/* Begin XCBuildConfiguration section */
		9576FA96261BCB0E00AD1719 /* Debug */ = {
			isa = XCBuildConfiguration;
			buildSettings = {
				ALWAYS_SEARCH_USER_PATHS = NO;
				CLANG_ANALYZER_NONNULL = YES;
				CLANG_ANALYZER_NUMBER_OBJECT_CONVERSION = YES_AGGRESSIVE;
				CLANG_CXX_LANGUAGE_STANDARD = "gnu++14";
				CLANG_CXX_LIBRARY = "libc++";
				CLANG_ENABLE_MODULES = YES;
				CLANG_ENABLE_OBJC_ARC = YES;
				CLANG_ENABLE_OBJC_WEAK = YES;
				CLANG_WARN_BLOCK_CAPTURE_AUTORELEASING = YES;
				CLANG_WARN_BOOL_CONVERSION = YES;
				CLANG_WARN_COMMA = YES;
				CLANG_WARN_CONSTANT_CONVERSION = YES;
				CLANG_WARN_DEPRECATED_OBJC_IMPLEMENTATIONS = YES;
				CLANG_WARN_DIRECT_OBJC_ISA_USAGE = YES_ERROR;
				CLANG_WARN_DOCUMENTATION_COMMENTS = YES;
				CLANG_WARN_EMPTY_BODY = YES;
				CLANG_WARN_ENUM_CONVERSION = YES;
				CLANG_WARN_INFINITE_RECURSION = YES;
				CLANG_WARN_INT_CONVERSION = YES;
				CLANG_WARN_NON_LITERAL_NULL_CONVERSION = YES;
				CLANG_WARN_OBJC_IMPLICIT_RETAIN_SELF = YES;
				CLANG_WARN_OBJC_LITERAL_CONVERSION = YES;
				CLANG_WARN_OBJC_ROOT_CLASS = YES_ERROR;
				CLANG_WARN_QUOTED_INCLUDE_IN_FRAMEWORK_HEADER = YES;
				CLANG_WARN_RANGE_LOOP_ANALYSIS = YES;
				CLANG_WARN_STRICT_PROTOTYPES = YES;
				CLANG_WARN_SUSPICIOUS_MOVE = YES;
				CLANG_WARN_UNGUARDED_AVAILABILITY = YES_AGGRESSIVE;
				CLANG_WARN_UNREACHABLE_CODE = YES;
				CLANG_WARN__DUPLICATE_METHOD_MATCH = YES;
				COPY_PHASE_STRIP = NO;
				DEBUG_INFORMATION_FORMAT = dwarf;
				ENABLE_STRICT_OBJC_MSGSEND = YES;
				ENABLE_TESTABILITY = YES;
				GCC_C_LANGUAGE_STANDARD = gnu11;
				GCC_DYNAMIC_NO_PIC = NO;
				GCC_NO_COMMON_BLOCKS = YES;
				GCC_OPTIMIZATION_LEVEL = 0;
				GCC_PREPROCESSOR_DEFINITIONS = (
					"DEBUG=1",
					"$(inherited)",
				);
				GCC_WARN_64_TO_32_BIT_CONVERSION = YES;
				GCC_WARN_ABOUT_RETURN_TYPE = YES_ERROR;
				GCC_WARN_UNDECLARED_SELECTOR = YES;
				GCC_WARN_UNINITIALIZED_AUTOS = YES_AGGRESSIVE;
				GCC_WARN_UNUSED_FUNCTION = YES;
				GCC_WARN_UNUSED_VARIABLE = YES;
				IPHONEOS_DEPLOYMENT_TARGET = 14.4;
				MTL_ENABLE_DEBUG_INFO = INCLUDE_SOURCE;
				MTL_FAST_MATH = YES;
				ONLY_ACTIVE_ARCH = YES;
				SDKROOT = iphoneos;
				SWIFT_ACTIVE_COMPILATION_CONDITIONS = DEBUG;
				SWIFT_OPTIMIZATION_LEVEL = "-Onone";
			};
			name = Debug;
		};
		9576FA97261BCB0E00AD1719 /* Release */ = {
			isa = XCBuildConfiguration;
			buildSettings = {
				ALWAYS_SEARCH_USER_PATHS = NO;
				CLANG_ANALYZER_NONNULL = YES;
				CLANG_ANALYZER_NUMBER_OBJECT_CONVERSION = YES_AGGRESSIVE;
				CLANG_CXX_LANGUAGE_STANDARD = "gnu++14";
				CLANG_CXX_LIBRARY = "libc++";
				CLANG_ENABLE_MODULES = YES;
				CLANG_ENABLE_OBJC_ARC = YES;
				CLANG_ENABLE_OBJC_WEAK = YES;
				CLANG_WARN_BLOCK_CAPTURE_AUTORELEASING = YES;
				CLANG_WARN_BOOL_CONVERSION = YES;
				CLANG_WARN_COMMA = YES;
				CLANG_WARN_CONSTANT_CONVERSION = YES;
				CLANG_WARN_DEPRECATED_OBJC_IMPLEMENTATIONS = YES;
				CLANG_WARN_DIRECT_OBJC_ISA_USAGE = YES_ERROR;
				CLANG_WARN_DOCUMENTATION_COMMENTS = YES;
				CLANG_WARN_EMPTY_BODY = YES;
				CLANG_WARN_ENUM_CONVERSION = YES;
				CLANG_WARN_INFINITE_RECURSION = YES;
				CLANG_WARN_INT_CONVERSION = YES;
				CLANG_WARN_NON_LITERAL_NULL_CONVERSION = YES;
				CLANG_WARN_OBJC_IMPLICIT_RETAIN_SELF = YES;
				CLANG_WARN_OBJC_LITERAL_CONVERSION = YES;
				CLANG_WARN_OBJC_ROOT_CLASS = YES_ERROR;
				CLANG_WARN_QUOTED_INCLUDE_IN_FRAMEWORK_HEADER = YES;
				CLANG_WARN_RANGE_LOOP_ANALYSIS = YES;
				CLANG_WARN_STRICT_PROTOTYPES = YES;
				CLANG_WARN_SUSPICIOUS_MOVE = YES;
				CLANG_WARN_UNGUARDED_AVAILABILITY = YES_AGGRESSIVE;
				CLANG_WARN_UNREACHABLE_CODE = YES;
				CLANG_WARN__DUPLICATE_METHOD_MATCH = YES;
				COPY_PHASE_STRIP = NO;
				DEBUG_INFORMATION_FORMAT = "dwarf-with-dsym";
				ENABLE_NS_ASSERTIONS = NO;
				ENABLE_STRICT_OBJC_MSGSEND = YES;
				GCC_C_LANGUAGE_STANDARD = gnu11;
				GCC_NO_COMMON_BLOCKS = YES;
				GCC_WARN_64_TO_32_BIT_CONVERSION = YES;
				GCC_WARN_ABOUT_RETURN_TYPE = YES_ERROR;
				GCC_WARN_UNDECLARED_SELECTOR = YES;
				GCC_WARN_UNINITIALIZED_AUTOS = YES_AGGRESSIVE;
				GCC_WARN_UNUSED_FUNCTION = YES;
				GCC_WARN_UNUSED_VARIABLE = YES;
				IPHONEOS_DEPLOYMENT_TARGET = 14.4;
				MTL_ENABLE_DEBUG_INFO = NO;
				MTL_FAST_MATH = YES;
				SDKROOT = iphoneos;
				SWIFT_COMPILATION_MODE = wholemodule;
				SWIFT_OPTIMIZATION_LEVEL = "-O";
				VALIDATE_PRODUCT = YES;
			};
			name = Release;
		};
		9576FA99261BCB0E00AD1719 /* Debug */ = {
			isa = XCBuildConfiguration;
			buildSettings = {
				ASSETCATALOG_COMPILER_APPICON_NAME = AppIcon;
				ASSETCATALOG_COMPILER_GLOBAL_ACCENT_COLOR_NAME = AccentColor;
				CODE_SIGN_STYLE = Automatic;
				DEVELOPMENT_ASSET_PATHS = "\"Social/Preview Content\"";
				ENABLE_PREVIEWS = YES;
				INFOPLIST_FILE = Social/Info.plist;
				IPHONEOS_DEPLOYMENT_TARGET = 14.0;
				LD_RUNPATH_SEARCH_PATHS = (
					"$(inherited)",
					"@executable_path/Frameworks",
				);
				PRODUCT_BUNDLE_IDENTIFIER = br.com.raynerweb.Social;
				PRODUCT_NAME = "$(TARGET_NAME)";
				SWIFT_VERSION = 5.0;
				TARGETED_DEVICE_FAMILY = "1,2";
			};
			name = Debug;
		};
		9576FA9A261BCB0E00AD1719 /* Release */ = {
			isa = XCBuildConfiguration;
			buildSettings = {
				ASSETCATALOG_COMPILER_APPICON_NAME = AppIcon;
				ASSETCATALOG_COMPILER_GLOBAL_ACCENT_COLOR_NAME = AccentColor;
				CODE_SIGN_STYLE = Automatic;
				DEVELOPMENT_ASSET_PATHS = "\"Social/Preview Content\"";
				ENABLE_PREVIEWS = YES;
				INFOPLIST_FILE = Social/Info.plist;
				IPHONEOS_DEPLOYMENT_TARGET = 14.0;
				LD_RUNPATH_SEARCH_PATHS = (
					"$(inherited)",
					"@executable_path/Frameworks",
				);
				PRODUCT_BUNDLE_IDENTIFIER = br.com.raynerweb.Social;
				PRODUCT_NAME = "$(TARGET_NAME)";
				SWIFT_VERSION = 5.0;
				TARGETED_DEVICE_FAMILY = "1,2";
			};
			name = Release;
		};
/* End XCBuildConfiguration section */

/* Begin XCConfigurationList section */
		9576FA84261BCB0D00AD1719 /* Build configuration list for PBXProject "Social" */ = {
			isa = XCConfigurationList;
			buildConfigurations = (
				9576FA96261BCB0E00AD1719 /* Debug */,
				9576FA97261BCB0E00AD1719 /* Release */,
			);
			defaultConfigurationIsVisible = 0;
			defaultConfigurationName = Release;
		};
		9576FA98261BCB0E00AD1719 /* Build configuration list for PBXNativeTarget "Social" */ = {
			isa = XCConfigurationList;
			buildConfigurations = (
				9576FA99261BCB0E00AD1719 /* Debug */,
				9576FA9A261BCB0E00AD1719 /* Release */,
			);
			defaultConfigurationIsVisible = 0;
			defaultConfigurationName = Release;
		};
/* End XCConfigurationList section */
	};
	rootObject = 9576FA81261BCB0D00AD1719 /* Project object */;
}
